# @generated by Move, please check-in and do not edit manually.

[move]
version = 3
manifest_digest = "2FA64AE578ECFADFE6576D98160FEBC1DFF70895E34236A183F6833371359743"
deps_digest = "3C4103934B1E040BB6B23F1D610B4EF9F2F1166A50A104EADCF77467C004C600"
dependencies = [
  { id = "Iota", name = "Iota" },
  { id = "MoveStdlib", name = "MoveStdlib" },
]

[[move.package]]
id = "Iota"
source = { git = "https://github.com/iotaledger/iota.git", rev = "d9dbd00f5601f20f9d0d8381fc674f70869c7910", subdir = "crates/iota-framework/packages/iota-framework" }

dependencies = [
  { id = "MoveStdlib", name = "MoveStdlib" },
]

[[move.package]]
id = "MoveStdlib"
source = { git = "https://github.com/iotaledger/iota.git", rev = "d9dbd00f5601f20f9d0d8381fc674f70869c7910", subdir = "crates/iota-framework/packages/move-stdlib" }

[move.toolchain-version]
compiler-version = "1.3.1-rc"
edition = "2024.beta"
flavor = "iota"

[env]

[env.localnet]
chain-id = "abb463a6"
original-published-id = "0x07c91ae86e3d0fe11a46a69847308819f4d9e77a4f3d57a01d449a7951cea756"
latest-published-id = "0x07c91ae86e3d0fe11a46a69847308819f4d9e77a4f3d57a01d449a7951cea756"
published-version = "1"

[env.devnet]
chain-id = "e678123a"
original-published-id = "0x0d88bcecde97585d50207a029a85d7ea0bacf73ab741cbaa975a6e279251033a"
latest-published-id = "0x0d88bcecde97585d50207a029a85d7ea0bacf73ab741cbaa975a6e279251033a"
published-version = "1"

[env.testnet]
chain-id = "2304aa97"
original-published-id = "0x00412bd469b7f980227c6c574090348239852e43aa07818b315854fdd8a2d25f"
latest-published-id = "0x00412bd469b7f980227c6c574090348239852e43aa07818b315854fdd8a2d25f"
published-version = "1"

[env.mainnet]
chain-id = "6364aad5"
original-published-id = "0x909ce9dcd9a5e97b7b8884fac8e018fad9dece348bf73837379b8694ff684cf3"
latest-published-id = "0x909ce9dcd9a5e97b7b8884fac8e018fad9dece348bf73837379b8694ff684cf3"
published-version = "1"
